
Microsoft Visual Studio Solution File, Format Version 12.00
# Visual Studio Version 16
VisualStudioVersion = 16.0.30621.155
MinimumVisualStudioVersion = 10.0.40219.1
Project("{FAE04EC0-301F-11D3-BF4B-00C04F79EFBC}") = "Inlämning-1", "Inlämning-1.csproj", "{033053D9-39E4-4906-94BB-EC2679422BD6}"
EndProject
Global
	GlobalSection(SolutionConfigurationPlatforms) = preSolution
		Debug|Any CPU = Debug|Any CPU
		Release|Any CPU = Release|Any CPU
	EndGlobalSection
	GlobalSection(ProjectConfigurationPlatforms) = postSolution
		{033053D9-39E4-4906-94BB-EC2679422BD6}.Debug|Any CPU.ActiveCfg = Debug|Any CPU
		{033053D9-39E4-4906-94BB-EC2679422BD6}.Debug|Any CPU.Build.0 = Debug|Any CPU
		{033053D9-39E4-4906-94BB-EC2679422BD6}.Release|Any CPU.ActiveCfg = Release|Any CPU
		{033053D9-39E4-4906-94BB-EC2679422BD6}.Release|Any CPU.Build.0 = Release|Any CPU
	EndGlobalSection
	GlobalSection(SolutionProperties) = preSolution
		HideSolutionNode = FALSE
	EndGlobalSection
	GlobalSection(ExtensibilityGlobals) = postSolution
		SolutionGuid = {7F6DA015-D143-43A0-A9B8-771F7A6B1A83}
	EndGlobalSection
EndGlobal
